// !$*UTF8*$!
{
	archiveVersion = 1;
	classes = {
	};
	objectVersion = 46;
	objects = {

/* Begin PBXBuildFile section */
		98F782781BCC12FF00345D30 /* main.m in Sources */ = {isa = PBXBuildFile; fileRef = 98F782771BCC12FF00345D30 /* main.m */; };
		98F7827B1BCC12FF00345D30 /* AppDelegate.m in Sources */ = {isa = PBXBuildFile; fileRef = 98F7827A1BCC12FF00345D30 /* AppDelegate.m */; };
		98F782811BCC12FF00345D30 /* Main.storyboard in Resources */ = {isa = PBXBuildFile; fileRef = 98F7827F1BCC12FF00345D30 /* Main.storyboard */; };
		98F782831BCC12FF00345D30 /* Assets.xcassets in Resources */ = {isa = PBXBuildFile; fileRef = 98F782821BCC12FF00345D30 /* Assets.xcassets */; };
		98F782861BCC12FF00345D30 /* LaunchScreen.storyboard in Resources */ = {isa = PBXBuildFile; fileRef = 98F782841BCC12FF00345D30 /* LaunchScreen.storyboard */; };
		98F782911BCC12FF00345D30 /* HBGetContactDemoTests.m in Sources */ = {isa = PBXBuildFile; fileRef = 98F782901BCC12FF00345D30 /* HBGetContactDemoTests.m */; };
		98F7829C1BCC12FF00345D30 /* HBGetContactDemoUITests.m in Sources */ = {isa = PBXBuildFile; fileRef = 98F7829B1BCC12FF00345D30 /* HBGetContactDemoUITests.m */; };
		98F782AE1BCC137C00345D30 /* ContactViewController.m in Sources */ = {isa = PBXBuildFile; fileRef = 98F782AB1BCC137C00345D30 /* ContactViewController.m */; settings = {ASSET_TAGS = (); }; };
		98F782B41BCC138C00345D30 /* HBGetContact.m in Sources */ = {isa = PBXBuildFile; fileRef = 98F782B31BCC138C00345D30 /* HBGetContact.m */; settings = {ASSET_TAGS = (); }; };
/* End PBXBuildFile section */

/* Begin PBXContainerItemProxy section */
		98F7828D1BCC12FF00345D30 /* PBXContainerItemProxy */ = {
			isa = PBXContainerItemProxy;
			containerPortal = 98F7826B1BCC12FF00345D30 /* Project object */;
			proxyType = 1;
			remoteGlobalIDString = 98F782721BCC12FF00345D30;
			remoteInfo = HBGetContactDemo;
		};
		98F782981BCC12FF00345D30 /* PBXContainerItemProxy */ = {
			isa = PBXContainerItemProxy;
			containerPortal = 98F7826B1BCC12FF00345D30 /* Project object */;
			proxyType = 1;
			remoteGlobalIDString = 98F782721BCC12FF00345D30;
			remoteInfo = HBGetContactDemo;
		};
/* End PBXContainerItemProxy section */

/* Begin PBXFileReference section */
		98F782731BCC12FF00345D30 /* HBGetContactDemo.app */ = {isa = PBXFileReference; explicitFileType = wrapper.application; includeInIndex = 0; path = HBGetContactDemo.app; sourceTree = BUILT_PRODUCTS_DIR; };
		98F782771BCC12FF00345D30 /* main.m */ = {isa = PBXFileReference; lastKnownFileType = sourcecode.c.objc; path = main.m; sourceTree = "<group>"; };
		98F782791BCC12FF00345D30 /* AppDelegate.h */ = {isa = PBXFileReference; lastKnownFileType = sourcecode.c.h; path = AppDelegate.h; sourceTree = "<group>"; };
		98F7827A1BCC12FF00345D30 /* AppDelegate.m */ = {isa = PBXFileReference; lastKnownFileType = sourcecode.c.objc; path = AppDelegate.m; sourceTree = "<group>"; };
		98F782801BCC12FF00345D30 /* Base */ = {isa = PBXFileReference; lastKnownFileType = file.storyboard; name = Base; path = Base.lproj/Main.storyboard; sourceTree = "<group>"; };
		98F782821BCC12FF00345D30 /* Assets.xcassets */ = {isa = PBXFileReference; lastKnownFileType = folder.assetcatalog; path = Assets.xcassets; sourceTree = "<group>"; };
		98F782851BCC12FF00345D30 /* Base */ = {isa = PBXFileReference; lastKnownFileType = file.storyboard; name = Base; path = Base.lproj/LaunchScreen.storyboard; sourceTree = "<group>"; };
		98F782871BCC12FF00345D30 /* Info.plist */ = {isa = PBXFileReference; lastKnownFileType = text.plist.xml; path = Info.plist; sourceTree = "<group>"; };
		98F7828C1BCC12FF00345D30 /* HBGetContactDemoTests.xctest */ = {isa = PBXFileReference; explicitFileType = wrapper.cfbundle; includeInIndex = 0; path = HBGetContactDemoTests.xctest; sourceTree = BUILT_PRODUCTS_DIR; };
		98F782901BCC12FF00345D30 /* HBGetContactDemoTests.m */ = {isa = PBXFileReference; lastKnownFileType = sourcecode.c.objc; path = HBGetContactDemoTests.m; sourceTree = "<group>"; };
		98F782921BCC12FF00345D30 /* Info.plist */ = {isa = PBXFileReference; lastKnownFileType = text.plist.xml; path = Info.plist; sourceTree = "<group>"; };
		98F782971BCC12FF00345D30 /* HBGetContactDemoUITests.xctest */ = {isa = PBXFileReference; explicitFileType = wrapper.cfbundle; includeInIndex = 0; path = HBGetContactDemoUITests.xctest; sourceTree = BUILT_PRODUCTS_DIR; };
		98F7829B1BCC12FF00345D30 /* HBGetContactDemoUITests.m */ = {isa = PBXFileReference; lastKnownFileType = sourcecode.c.objc; path = HBGetContactDemoUITests.m; sourceTree = "<group>"; };
		98F7829D1BCC12FF00345D30 /* Info.plist */ = {isa = PBXFileReference; lastKnownFileType = text.plist.xml; path = Info.plist; sourceTree = "<group>"; };
		98F782AA1BCC137C00345D30 /* ContactViewController.h */ = {isa = PBXFileReference; fileEncoding = 4; lastKnownFileType = sourcecode.c.h; path = ContactViewController.h; sourceTree = "<group>"; };
		98F782AB1BCC137C00345D30 /* ContactViewController.m */ = {isa = PBXFileReference; fileEncoding = 4; lastKnownFileType = sourcecode.c.objc; path = ContactViewController.m; sourceTree = "<group>"; };
		98F782B21BCC138C00345D30 /* HBGetContact.h */ = {isa = PBXFileReference; fileEncoding = 4; lastKnownFileType = sourcecode.c.h; path = HBGetContact.h; sourceTree = "<group>"; };
		98F782B31BCC138C00345D30 /* HBGetContact.m */ = {isa = PBXFileReference; fileEncoding = 4; lastKnownFileType = sourcecode.c.objc; path = HBGetContact.m; sourceTree = "<group>"; };
/* End PBXFileReference section */

/* Begin PBXFrameworksBuildPhase section */
		98F782701BCC12FF00345D30 /* Frameworks */ = {
			isa = PBXFrameworksBuildPhase;
			buildActionMask = 2147483647;
			files = (
			);
			runOnlyForDeploymentPostprocessing = 0;
		};
		98F782891BCC12FF00345D30 /* Frameworks */ = {
			isa = PBXFrameworksBuildPhase;
			buildActionMask = 2147483647;
			files = (
			);
			runOnlyForDeploymentPostprocessing = 0;
		};
		98F782941BCC12FF00345D30 /* Frameworks */ = {
			isa = PBXFrameworksBuildPhase;
			buildActionMask = 2147483647;
			files = (
			);
			runOnlyForDeploymentPostprocessing = 0;
		};
/* End PBXFrameworksBuildPhase section */

/* Begin PBXGroup section */
		98F7826A1BCC12FF00345D30 = {
			isa = PBXGroup;
			children = (
				98F782751BCC12FF00345D30 /* HBGetContactDemo */,
				98F7828F1BCC12FF00345D30 /* HBGetContactDemoTests */,
				98F7829A1BCC12FF00345D30 /* HBGetContactDemoUITests */,
				98F782741BCC12FF00345D30 /* Products */,
			);
			sourceTree = "<group>";
		};
		98F782741BCC12FF00345D30 /* Products */ = {
			isa = PBXGroup;
			children = (
				98F782731BCC12FF00345D30 /* HBGetContactDemo.app */,
				98F7828C1BCC12FF00345D30 /* HBGetContactDemoTests.xctest */,
				98F782971BCC12FF00345D30 /* HBGetContactDemoUITests.xctest */,
			);
			name = Products;
			sourceTree = "<group>";
		};
		98F782751BCC12FF00345D30 /* HBGetContactDemo */ = {
			isa = PBXGroup;
			children = (
				98F782B01BCC138C00345D30 /* Tools */,
				98F782AF1BCC138C00345D30 /* Others */,
				98F782AC1BCC137C00345D30 /* Models */,
				98F782AD1BCC137C00345D30 /* Views */,
				98F782A91BCC137C00345D30 /* Controllers */,
				98F782791BCC12FF00345D30 /* AppDelegate.h */,
				98F7827A1BCC12FF00345D30 /* AppDelegate.m */,
				98F7827F1BCC12FF00345D30 /* Main.storyboard */,
				98F782821BCC12FF00345D30 /* Assets.xcassets */,
				98F782841BCC12FF00345D30 /* LaunchScreen.storyboard */,
				98F782871BCC12FF00345D30 /* Info.plist */,
				98F782761BCC12FF00345D30 /* Supporting Files */,
			);
			path = HBGetContactDemo;
			sourceTree = "<group>";
		};
		98F782761BCC12FF00345D30 /* Supporting Files */ = {
			isa = PBXGroup;
			children = (
				98F782771BCC12FF00345D30 /* main.m */,
			);
			name = "Supporting Files";
			sourceTree = "<group>";
		};
		98F7828F1BCC12FF00345D30 /* HBGetContactDemoTests */ = {
			isa = PBXGroup;
			children = (
				98F782901BCC12FF00345D30 /* HBGetContactDemoTests.m */,
				98F782921BCC12FF00345D30 /* Info.plist */,
			);
			path = HBGetContactDemoTests;
			sourceTree = "<group>";
		};
		98F7829A1BCC12FF00345D30 /* HBGetContactDemoUITests */ = {
			isa = PBXGroup;
			children = (
				98F7829B1BCC12FF00345D30 /* HBGetContactDemoUITests.m */,
				98F7829D1BCC12FF00345D30 /* Info.plist */,
			);
			path = HBGetContactDemoUITests;
			sourceTree = "<group>";
		};
		98F782A91BCC137C00345D30 /* Controllers */ = {
			isa = PBXGroup;
			children = (
				98F782AA1BCC137C00345D30 /* ContactViewController.h */,
				98F782AB1BCC137C00345D30 /* ContactViewController.m */,
			);
			path = Controllers;
			sourceTree = "<group>";
		};
		98F782AC1BCC137C00345D30 /* Models */ = {
			isa = PBXGroup;
			children = (
			);
			path = Models;
			sourceTree = "<group>";
		};
		98F782AD1BCC137C00345D30 /* Views */ = {
			isa = PBXGroup;
			children = (
			);
			path = Views;
			sourceTree = "<group>";
		};
		98F782AF1BCC138C00345D30 /* Others */ = {
			isa = PBXGroup;
			children = (
			);
			path = Others;
			sourceTree = "<group>";
		};
		98F782B01BCC138C00345D30 /* Tools */ = {
			isa = PBXGroup;
			children = (
				98F782B11BCC138C00345D30 /* HBContact */,
			);
			path = Tools;
			sourceTree = "<group>";
		};
		98F782B11BCC138C00345D30 /* HBContact */ = {
			isa = PBXGroup;
			children = (
				98F782B21BCC138C00345D30 /* HBGetContact.h */,
				98F782B31BCC138C00345D30 /* HBGetContact.m */,
			);
			path = HBContact;
			sourceTree = "<group>";
		};
/* End PBXGroup section */

/* Begin PBXNativeTarget section */
		98F782721BCC12FF00345D30 /* HBGetContactDemo */ = {
			isa = PBXNativeTarget;
			buildConfigurationList = 98F782A01BCC12FF00345D30 /* Build configuration list for PBXNativeTarget "HBGetContactDemo" */;
			buildPhases = (
				98F7826F1BCC12FF00345D30 /* Sources */,
				98F782701BCC12FF00345D30 /* Frameworks */,
				98F782711BCC12FF00345D30 /* Resources */,
			);
			buildRules = (
			);
			dependencies = (
			);
			name = HBGetContactDemo;
			productName = HBGetContactDemo;
			productReference = 98F782731BCC12FF00345D30 /* HBGetContactDemo.app */;
			productType = "com.apple.product-type.application";
		};
		98F7828B1BCC12FF00345D30 /* HBGetContactDemoTests */ = {
			isa = PBXNativeTarget;
			buildConfigurationList = 98F782A31BCC12FF00345D30 /* Build configuration list for PBXNativeTarget "HBGetContactDemoTests" */;
			buildPhases = (
				98F782881BCC12FF00345D30 /* Sources */,
				98F782891BCC12FF00345D30 /* Frameworks */,
				98F7828A1BCC12FF00345D30 /* Resources */,
			);
			buildRules = (
			);
			dependencies = (
				98F7828E1BCC12FF00345D30 /* PBXTargetDependency */,
			);
			name = HBGetContactDemoTests;
			productName = HBGetContactDemoTests;
			productReference = 98F7828C1BCC12FF00345D30 /* HBGetContactDemoTests.xctest */;
			productType = "com.apple.product-type.bundle.unit-test";
		};
		98F782961BCC12FF00345D30 /* HBGetContactDemoUITests */ = {
			isa = PBXNativeTarget;
			buildConfigurationList = 98F782A61BCC12FF00345D30 /* Build configuration list for PBXNativeTarget "HBGetContactDemoUITests" */;
			buildPhases = (
				98F782931BCC12FF00345D30 /* Sources */,
				98F782941BCC12FF00345D30 /* Frameworks */,
				98F782951BCC12FF00345D30 /* Resources */,
			);
			buildRules = (
			);
			dependencies = (
				98F782991BCC12FF00345D30 /* PBXTargetDependency */,
			);
			name = HBGetContactDemoUITests;
			productName = HBGetContactDemoUITests;
			productReference = 98F782971BCC12FF00345D30 /* HBGetContactDemoUITests.xctest */;
			productType = "com.apple.product-type.bundle.ui-testing";
		};
/* End PBXNativeTarget section */

/* Begin PBXProject section */
		98F7826B1BCC12FF00345D30 /* Project object */ = {
			isa = PBXProject;
			attributes = {
				LastUpgradeCheck = 0700;
				ORGANIZATIONNAME = Dylan.Hu;
				TargetAttributes = {
					98F782721BCC12FF00345D30 = {
						CreatedOnToolsVersion = 7.0.1;
					};
					98F7828B1BCC12FF00345D30 = {
						CreatedOnToolsVersion = 7.0.1;
						TestTargetID = 98F782721BCC12FF00345D30;
					};
					98F782961BCC12FF00345D30 = {
						CreatedOnToolsVersion = 7.0.1;
						TestTargetID = 98F782721BCC12FF00345D30;
					};
				};
			};
			buildConfigurationList = 98F7826E1BCC12FF00345D30 /* Build configuration list for PBXProject "HBGetContactDemo" */;
			compatibilityVersion = "Xcode 3.2";
			developmentRegion = English;
			hasScannedForEncodings = 0;
			knownRegions = (
				en,
				Base,
			);
			mainGroup = 98F7826A1BCC12FF00345D30;
			productRefGroup = 98F782741BCC12FF00345D30 /* Products */;
			projectDirPath = "";
			projectRoot = "";
			targets = (
				98F782721BCC12FF00345D30 /* HBGetContactDemo */,
				98F7828B1BCC12FF00345D30 /* HBGetContactDemoTests */,
				98F782961BCC12FF00345D30 /* HBGetContactDemoUITests */,
			);
		};
/* End PBXProject section */

/* Begin PBXResourcesBuildPhase section */
		98F782711BCC12FF00345D30 /* Resources */ = {
			isa = PBXResourcesBuildPhase;
			buildActionMask = 2147483647;
			files = (
				98F782861BCC12FF00345D30 /* LaunchScreen.storyboard in Resources */,
				98F782831BCC12FF00345D30 /* Assets.xcassets in Resources */,
				98F782811BCC12FF00345D30 /* Main.storyboard in Resources */,
			);
			runOnlyForDeploymentPostprocessing = 0;
		};
		98F7828A1BCC12FF00345D30 /* Resources */ = {
			isa = PBXResourcesBuildPhase;
			buildActionMask = 2147483647;
			files = (
			);
			runOnlyForDeploymentPostprocessing = 0;
		};
		98F782951BCC12FF00345D30 /* Resources */ = {
			isa = PBXResourcesBuildPhase;
			buildActionMask = 2147483647;
			files = (
			);
			runOnlyForDeploymentPostprocessing = 0;
		};
/* End PBXResourcesBuildPhase section */

/* Begin PBXSourcesBuildPhase section */
		98F7826F1BCC12FF00345D30 /* Sources */ = {
			isa = PBXSourcesBuildPhase;
			buildActionMask = 2147483647;
			files = (
				98F7827B1BCC12FF00345D30 /* AppDelegate.m in Sources */,
				98F782AE1BCC137C00345D30 /* ContactViewController.m in Sources */,
				98F782781BCC12FF00345D30 /* main.m in Sources */,
				98F782B41BCC138C00345D30 /* HBGetContact.m in Sources */,
			);
			runOnlyForDeploymentPostprocessing = 0;
		};
		98F782881BCC12FF00345D30 /* Sources */ = {
			isa = PBXSourcesBuildPhase;
			buildActionMask = 2147483647;
			files = (
				98F782911BCC12FF00345D30 /* HBGetContactDemoTests.m in Sources */,
			);
			runOnlyForDeploymentPostprocessing = 0;
		};
		98F782931BCC12FF00345D30 /* Sources */ = {
			isa = PBXSourcesBuildPhase;
			buildActionMask = 2147483647;
			files = (
				98F7829C1BCC12FF00345D30 /* HBGetContactDemoUITests.m in Sources */,
			);
			runOnlyForDeploymentPostprocessing = 0;
		};
/* End PBXSourcesBuildPhase section */

/* Begin PBXTargetDependency section */
		98F7828E1BCC12FF00345D30 /* PBXTargetDependency */ = {
			isa = PBXTargetDependency;
			target = 98F782721BCC12FF00345D30 /* HBGetContactDemo */;
			targetProxy = 98F7828D1BCC12FF00345D30 /* PBXContainerItemProxy */;
		};
		98F782991BCC12FF00345D30 /* PBXTargetDependency */ = {
			isa = PBXTargetDependency;
			target = 98F782721BCC12FF00345D30 /* HBGetContactDemo */;
			targetProxy = 98F782981BCC12FF00345D30 /* PBXContainerItemProxy */;
		};
/* End PBXTargetDependency section */

/* Begin PBXVariantGroup section */
		98F7827F1BCC12FF00345D30 /* Main.storyboard */ = {
			isa = PBXVariantGroup;
			children = (
				98F782801BCC12FF00345D30 /* Base */,
			);
			name = Main.storyboard;
			sourceTree = "<group>";
		};
		98F782841BCC12FF00345D30 /* LaunchScreen.storyboard */ = {
			isa = PBXVariantGroup;
			children = (
				98F782851BCC12FF00345D30 /* Base */,
			);
			name = LaunchScreen.storyboard;
			sourceTree = "<group>";
		};
/* End PBXVariantGroup section */

/* Begin XCBuildConfiguration section */
		98F7829E1BCC12FF00345D30 /* Debug */ = {
			isa = XCBuildConfiguration;
			buildSettings = {
				ALWAYS_SEARCH_USER_PATHS = NO;
				CLANG_CXX_LANGUAGE_STANDARD = "gnu++0x";
				CLANG_CXX_LIBRARY = "libc++";
				CLANG_ENABLE_MODULES = YES;
				CLANG_ENABLE_OBJC_ARC = YES;
				CLANG_WARN_BOOL_CONVERSION = YES;
				CLANG_WARN_CONSTANT_CONVERSION = YES;
				CLANG_WARN_DIRECT_OBJC_ISA_USAGE = YES_ERROR;
				CLANG_WARN_EMPTY_BODY = YES;
				CLANG_WARN_ENUM_CONVERSION = YES;
				CLANG_WARN_INT_CONVERSION = YES;
				CLANG_WARN_OBJC_ROOT_CLASS = YES_ERROR;
				CLANG_WARN_UNREACHABLE_CODE = YES;
				CLANG_WARN__DUPLICATE_METHOD_MATCH = YES;
				"CODE_SIGN_IDENTITY[sdk=iphoneos*]" = "iPhone Developer";
				COPY_PHASE_STRIP = NO;
				DEBUG_INFORMATION_FORMAT = dwarf;
				ENABLE_STRICT_OBJC_MSGSEND = YES;
				ENABLE_TESTABILITY = YES;
				GCC_C_LANGUAGE_STANDARD = gnu99;
				GCC_DYNAMIC_NO_PIC = NO;
				GCC_NO_COMMON_BLOCKS = YES;
				GCC_OPTIMIZATION_LEVEL = 0;
				GCC_PREPROCESSOR_DEFINITIONS = (
					"DEBUG=1",
					"$(inherited)",
				);
				GCC_WARN_64_TO_32_BIT_CONVERSION = YES;
				GCC_WARN_ABOUT_RETURN_TYPE = YES_ERROR;
				GCC_WARN_UNDECLARED_SELECTOR = YES;
				GCC_WARN_UNINITIALIZED_AUTOS = YES_AGGRESSIVE;
				GCC_WARN_UNUSED_FUNCTION = YES;
				GCC_WARN_UNUSED_VARIABLE = YES;
				IPHONEOS_DEPLOYMENT_TARGET = 9.0;
				MTL_ENABLE_DEBUG_INFO = YES;
				ONLY_ACTIVE_ARCH = YES;
				SDKROOT = iphoneos;
			};
			name = Debug;
		};
		98F7829F1BCC12FF00345D30 /* Release */ = {
			isa = XCBuildConfiguration;
			buildSettings = {
				ALWAYS_SEARCH_USER_PATHS = NO;
				CLANG_CXX_LANGUAGE_STANDARD = "gnu++0x";
				CLANG_CXX_LIBRARY = "libc++";
				CLANG_ENABLE_MODULES = YES;
				CLANG_ENABLE_OBJC_ARC = YES;
				CLANG_WARN_BOOL_CONVERSION = YES;
				CLANG_WARN_CONSTANT_CONVERSION = YES;
				CLANG_WARN_DIRECT_OBJC_ISA_USAGE = YES_ERROR;
				CLANG_WARN_EMPTY_BODY = YES;
				CLANG_WARN_ENUM_CONVERSION = YES;
				CLANG_WARN_INT_CONVERSION = YES;
				CLANG_WARN_OBJC_ROOT_CLASS = YES_ERROR;
				CLANG_WARN_UNREACHABLE_CODE = YES;
				CLANG_WARN__DUPLICATE_METHOD_MATCH = YES;
				"CODE_SIGN_IDENTITY[sdk=iphoneos*]" = "iPhone Developer";
				COPY_PHASE_STRIP = NO;
				DEBUG_INFORMATION_FORMAT = "dwarf-with-dsym";
				ENABLE_NS_ASSERTIONS = NO;
				ENABLE_STRICT_OBJC_MSGSEND = YES;
				GCC_C_LANGUAGE_STANDARD = gnu99;
				GCC_NO_COMMON_BLOCKS = YES;
				GCC_WARN_64_TO_32_BIT_CONVERSION = YES;
				GCC_WARN_ABOUT_RETURN_TYPE = YES_ERROR;
				GCC_WARN_UNDECLARED_SELECTOR = YES;
				GCC_WARN_UNINITIALIZED_AUTOS = YES_AGGRESSIVE;
				GCC_WARN_UNUSED_FUNCTION = YES;
				GCC_WARN_UNUSED_VARIABLE = YES;
				IPHONEOS_DEPLOYMENT_TARGET = 9.0;
				MTL_ENABLE_DEBUG_INFO = NO;
				SDKROOT = iphoneos;
				VALIDATE_PRODUCT = YES;
			};
			name = Release;
		};
		98F782A11BCC12FF00345D30 /* Debug */ = {
			isa = XCBuildConfiguration;
			buildSettings = {
				ASSETCATALOG_COMPILER_APPICON_NAME = AppIcon;
				INFOPLIST_FILE = HBGetContactDemo/Info.plist;
				IPHONEOS_DEPLOYMENT_TARGET = 7.0;
				LD_RUNPATH_SEARCH_PATHS = "$(inherited) @executable_path/Frameworks";
				PRODUCT_BUNDLE_IDENTIFIER = huhaibo.HBGetContactDemo;
				PRODUCT_NAME = "$(TARGET_NAME)";
			};
			name = Debug;
		};
		98F782A21BCC12FF00345D30 /* Release */ = {
			isa = XCBuildConfiguration;
			buildSettings = {
				ASSETCATALOG_COMPILER_APPICON_NAME = AppIcon;
				INFOPLIST_FILE = HBGetContactDemo/Info.plist;
				IPHONEOS_DEPLOYMENT_TARGET = 7.0;
				LD_RUNPATH_SEARCH_PATHS = "$(inherited) @executable_path/Frameworks";
				PRODUCT_BUNDLE_IDENTIFIER = huhaibo.HBGetContactDemo;
				PRODUCT_NAME = "$(TARGET_NAME)";
			};
			name = Release;
		};
		98F782A41BCC12FF00345D30 /* Debug */ = {
			isa = XCBuildConfiguration;
			buildSettings = {
				BUNDLE_LOADER = "$(TEST_HOST)";
				INFOPLIST_FILE = HBGetContactDemoTests/Info.plist;
				LD_RUNPATH_SEARCH_PATHS = "$(inherited) @executable_path/Frameworks @loader_path/Frameworks";
				PRODUCT_BUNDLE_IDENTIFIER = huhaibo.HBGetContactDemoTests;
				PRODUCT_NAME = "$(TARGET_NAME)";
				TEST_HOST = "$(BUILT_PRODUCTS_DIR)/HBGetContactDemo.app/HBGetContactDemo";
			};
			name = Debug;
		};
		98F782A51BCC12FF00345D30 /* Release */ = {
			isa = XCBuildConfiguration;
			buildSettings = {
				BUNDLE_LOADER = "$(TEST_HOST)";
				INFOPLIST_FILE = HBGetContactDemoTests/Info.plist;
				LD_RUNPATH_SEARCH_PATHS = "$(inherited) @executable_path/Frameworks @loader_path/Frameworks";
				PRODUCT_BUNDLE_IDENTIFIER = huhaibo.HBGetContactDemoTests;
				PRODUCT_NAME = "$(TARGET_NAME)";
				TEST_HOST = "$(BUILT_PRODUCTS_DIR)/HBGetContactDemo.app/HBGetContactDemo";
			};
			name = Release;
		};
		98F782A71BCC12FF00345D30 /* Debug */ = {
			isa = XCBuildConfiguration;
			buildSettings = {
				INFOPLIST_FILE = HBGetContactDemoUITests/Info.plist;
				LD_RUNPATH_SEARCH_PATHS = "$(inherited) @executable_path/Frameworks @loader_path/Frameworks";
				PRODUCT_BUNDLE_IDENTIFIER = huhaibo.HBGetContactDemoUITests;
				PRODUCT_NAME = "$(TARGET_NAME)";
				TEST_TARGET_NAME = HBGetContactDemo;
				USES_XCTRUNNER = YES;
			};
			name = Debug;
		};
		98F782A81BCC12FF00345D30 /* Release */ = {
			isa = XCBuildConfiguration;
			buildSettings = {
				INFOPLIST_FILE = HBGetContactDemoUITests/Info.plist;
				LD_RUNPATH_SEARCH_PATHS = "$(inherited) @executable_path/Frameworks @loader_path/Frameworks";
				PRODUCT_BUNDLE_IDENTIFIER = huhaibo.HBGetContactDemoUITests;
				PRODUCT_NAME = "$(TARGET_NAME)";
				TEST_TARGET_NAME = HBGetContactDemo;
				USES_XCTRUNNER = YES;
			};
			name = Release;
		};
/* End XCBuildConfiguration section */

/* Begin XCConfigurationList section */
		98F7826E1BCC12FF00345D30 /* Build configuration list for PBXProject "HBGetContactDemo" */ = {
			isa = XCConfigurationList;
			buildConfigurations = (
				98F7829E1BCC12FF00345D30 /* Debug */,
				98F7829F1BCC12FF00345D30 /* Release */,
			);
			defaultConfigurationIsVisible = 0;
			defaultConfigurationName = Release;
		};
		98F782A01BCC12FF00345D30 /* Build configuration list for PBXNativeTarget "HBGetContactDemo" */ = {
			isa = XCConfigurationList;
			buildConfigurations = (
				98F782A11BCC12FF00345D30 /* Debug */,
				98F782A21BCC12FF00345D30 /* Release */,
			);
			defaultConfigurationIsVisible = 0;
		};
		98F782A31BCC12FF00345D30 /* Build configuration list for PBXNativeTarget "HBGetContactDemoTests" */ = {
			isa = XCConfigurationList;
			buildConfigurations = (
				98F782A41BCC12FF00345D30 /* Debug */,
				98F782A51BCC12FF00345D30 /* Release */,
			);
			defaultConfigurationIsVisible = 0;
		};
		98F782A61BCC12FF00345D30 /* Build configuration list for PBXNativeTarget "HBGetContactDemoUITests" */ = {
			isa = XCConfigurationList;
			buildConfigurations = (
				98F782A71BCC12FF00345D30 /* Debug */,
				98F782A81BCC12FF00345D30 /* Release */,
			);
			defaultConfigurationIsVisible = 0;
		};
/* End XCConfigurationList section */
	};
	rootObject = 98F7826B1BCC12FF00345D30 /* Project object */;
}
